// !$*UTF8*$!
{
	archiveVersion = 1;
	classes = {
	};
	objectVersion = 56;
	objects = {

/* Begin PBXBuildFile section */
		8E66E0632AECF9A20029B807 /* NewTransactionViewController.swift in Sources */ = {isa = PBXBuildFile; fileRef = 8E66E0622AECF9A20029B807 /* NewTransactionViewController.swift */; };
		8E66E0662AECFBE80029B807 /* NewTransactionView.swift in Sources */ = {isa = PBXBuildFile; fileRef = 8E66E0652AECFBE80029B807 /* NewTransactionView.swift */; };
		8E66E06A2AECFC060029B807 /* NewTransactionViewViewModel.swift in Sources */ = {isa = PBXBuildFile; fileRef = 8E66E0692AECFC060029B807 /* NewTransactionViewViewModel.swift */; };
		8E66E06C2AECFC1C0029B807 /* NewTransactionViewViewModelType.swift in Sources */ = {isa = PBXBuildFile; fileRef = 8E66E06B2AECFC1C0029B807 /* NewTransactionViewViewModelType.swift */; };
		8E66E0C52AEE58850029B807 /* UIView.swift in Sources */ = {isa = PBXBuildFile; fileRef = 8E66E0C42AEE58850029B807 /* UIView.swift */; };
		8E66E0C72AF5433F0029B807 /* NewWalletView.swift in Sources */ = {isa = PBXBuildFile; fileRef = 8E66E0C62AF5433F0029B807 /* NewWalletView.swift */; };
		8E66E0CC2AF5437C0029B807 /* NewWalletViewController.swift in Sources */ = {isa = PBXBuildFile; fileRef = 8E66E0CB2AF5437C0029B807 /* NewWalletViewController.swift */; };
		8E66E0CE2AF543940029B807 /* NewWalletViewViewModel.swift in Sources */ = {isa = PBXBuildFile; fileRef = 8E66E0CD2AF543940029B807 /* NewWalletViewViewModel.swift */; };
		8E66E0D02AF543A50029B807 /* NewWalletViewViewModelType.swift in Sources */ = {isa = PBXBuildFile; fileRef = 8E66E0CF2AF543A50029B807 /* NewWalletViewViewModelType.swift */; };
		9E40CFCE3ECB357BC621E01F /* Pods_Coinlee.framework in Frameworks */ = {isa = PBXBuildFile; fileRef = F9FBAE4CB604D2DB8C511992 /* Pods_Coinlee.framework */; };
		F50A34CB2A9BAC9E00AC3631 /* ConfigurableButton.swift in Sources */ = {isa = PBXBuildFile; fileRef = F50A34CA2A9BAC9E00AC3631 /* ConfigurableButton.swift */; };
		F51D1D362A90D467002B3FE7 /* CornerRoundedCell.swift in Sources */ = {isa = PBXBuildFile; fileRef = F51D1D352A90D467002B3FE7 /* CornerRoundedCell.swift */; };
		F51E88072A88F6A600FF20CE /* Icon.swift in Sources */ = {isa = PBXBuildFile; fileRef = F51E88062A88F6A600FF20CE /* Icon.swift */; };
		F53160082AA2509E00E5672F /* UIImage.swift in Sources */ = {isa = PBXBuildFile; fileRef = F53160072AA2509E00E5672F /* UIImage.swift */; };
		F546A4862AEC07B100459DF5 /* String.swift in Sources */ = {isa = PBXBuildFile; fileRef = F546A4852AEC07B100459DF5 /* String.swift */; };
		F546A48C2AEC07D300459DF5 /* NoResultsView.swift in Sources */ = {isa = PBXBuildFile; fileRef = F546A4872AEC07D200459DF5 /* NoResultsView.swift */; };
		F546A48D2AEC07D300459DF5 /* ContainerView.swift in Sources */ = {isa = PBXBuildFile; fileRef = F546A4882AEC07D200459DF5 /* ContainerView.swift */; };
		F546A48E2AEC07D300459DF5 /* CustomUITextField.swift in Sources */ = {isa = PBXBuildFile; fileRef = F546A48A2AEC07D200459DF5 /* CustomUITextField.swift */; };
		F546A48F2AEC07D300459DF5 /* ClearTextFieldDelegate.swift in Sources */ = {isa = PBXBuildFile; fileRef = F546A48B2AEC07D200459DF5 /* ClearTextFieldDelegate.swift */; };
		F546A49A2AEC07DE00459DF5 /* CurrencyTableViewViewModel.swift in Sources */ = {isa = PBXBuildFile; fileRef = F546A4912AEC07DE00459DF5 /* CurrencyTableViewViewModel.swift */; };
		F546A49B2AEC07DE00459DF5 /* CurrencyTableViewViewModelType.swift in Sources */ = {isa = PBXBuildFile; fileRef = F546A4922AEC07DE00459DF5 /* CurrencyTableViewViewModelType.swift */; };
		F546A49C2AEC07DE00459DF5 /* CurrencySelectionViewController.swift in Sources */ = {isa = PBXBuildFile; fileRef = F546A4932AEC07DE00459DF5 /* CurrencySelectionViewController.swift */; };
		F546A49D2AEC07DE00459DF5 /* CurrencySelectionView.swift in Sources */ = {isa = PBXBuildFile; fileRef = F546A4942AEC07DE00459DF5 /* CurrencySelectionView.swift */; };
		F546A49E2AEC07DE00459DF5 /* CurrencyTableViewCellViewModelType.swift in Sources */ = {isa = PBXBuildFile; fileRef = F546A4962AEC07DE00459DF5 /* CurrencyTableViewCellViewModelType.swift */; };
		F546A49F2AEC07DE00459DF5 /* CurrencyTableViewCellViewModel.swift in Sources */ = {isa = PBXBuildFile; fileRef = F546A4972AEC07DE00459DF5 /* CurrencyTableViewCellViewModel.swift */; };
		F546A4A02AEC07DE00459DF5 /* CurrencyTableViewCell.swift in Sources */ = {isa = PBXBuildFile; fileRef = F546A4982AEC07DE00459DF5 /* CurrencyTableViewCell.swift */; };
		F546A4A12AEC07DE00459DF5 /* CurrencyModel.swift in Sources */ = {isa = PBXBuildFile; fileRef = F546A4992AEC07DE00459DF5 /* CurrencyModel.swift */; };
		F55802E62AB329720056336D /* IncomeExpenseStaticCell.swift in Sources */ = {isa = PBXBuildFile; fileRef = F55802E52AB329720056336D /* IncomeExpenseStaticCell.swift */; };
		F55802E82AB329D40056336D /* IncomeExpenseStaticCellViewModel.swift in Sources */ = {isa = PBXBuildFile; fileRef = F55802E72AB329D40056336D /* IncomeExpenseStaticCellViewModel.swift */; };
		F55802EA2AB329DC0056336D /* IncomeExpenseStaticCellViewModelType.swift in Sources */ = {isa = PBXBuildFile; fileRef = F55802E92AB329DC0056336D /* IncomeExpenseStaticCellViewModelType.swift */; };
		F55802ED2AB33DB90056336D /* Constants.swift in Sources */ = {isa = PBXBuildFile; fileRef = F55802EC2AB33DB90056336D /* Constants.swift */; };
		F55802F12AB347EE0056336D /* TransactionCellHeaderView.swift in Sources */ = {isa = PBXBuildFile; fileRef = F55802F02AB347EE0056336D /* TransactionCellHeaderView.swift */; };
		F55802F32AB347F70056336D /* TransactionCellHeaderViewViewModel.swift in Sources */ = {isa = PBXBuildFile; fileRef = F55802F22AB347F70056336D /* TransactionCellHeaderViewViewModel.swift */; };
		F55802F52AB347FC0056336D /* TransactionCellHeaderViewViewModelType.swift in Sources */ = {isa = PBXBuildFile; fileRef = F55802F42AB347FC0056336D /* TransactionCellHeaderViewViewModelType.swift */; };
		F55802F72AB348080056336D /* TransactionCell.swift in Sources */ = {isa = PBXBuildFile; fileRef = F55802F62AB348080056336D /* TransactionCell.swift */; };
		F55802F92AB3480F0056336D /* TransactionCellViewModel.swift in Sources */ = {isa = PBXBuildFile; fileRef = F55802F82AB3480F0056336D /* TransactionCellViewModel.swift */; };
		F55802FB2AB348140056336D /* TransactionCellViewModelType.swift in Sources */ = {isa = PBXBuildFile; fileRef = F55802FA2AB348140056336D /* TransactionCellViewModelType.swift */; };
		F56410822A87852C00182050 /* AppDelegate.swift in Sources */ = {isa = PBXBuildFile; fileRef = F56410812A87852C00182050 /* AppDelegate.swift */; };
		F56410842A87852C00182050 /* SceneDelegate.swift in Sources */ = {isa = PBXBuildFile; fileRef = F56410832A87852C00182050 /* SceneDelegate.swift */; };
		F564108B2A87852D00182050 /* Assets.xcassets in Resources */ = {isa = PBXBuildFile; fileRef = F564108A2A87852D00182050 /* Assets.xcassets */; };
		F564108E2A87852D00182050 /* LaunchScreen.storyboard in Resources */ = {isa = PBXBuildFile; fileRef = F564108C2A87852D00182050 /* LaunchScreen.storyboard */; };
		F56410972A87894F00182050 /* .gitignore in Resources */ = {isa = PBXBuildFile; fileRef = F56410962A87894F00182050 /* .gitignore */; };
		F56ACEEA2AF6945600F3110B /* ScrollView.swift in Sources */ = {isa = PBXBuildFile; fileRef = F56ACEE92AF6945600F3110B /* ScrollView.swift */; };
		F57935C22A99F0070075A44D /* TransactionsViewController.swift in Sources */ = {isa = PBXBuildFile; fileRef = F57935C12A99F0070075A44D /* TransactionsViewController.swift */; };
		F57935C42A99F0290075A44D /* TransactionsView.swift in Sources */ = {isa = PBXBuildFile; fileRef = F57935C32A99F0290075A44D /* TransactionsView.swift */; };
		F57935C62A99F04B0075A44D /* TransactionsViewViewModel.swift in Sources */ = {isa = PBXBuildFile; fileRef = F57935C52A99F04B0075A44D /* TransactionsViewViewModel.swift */; };
		F57935C82A99F0680075A44D /* TransactionsViewViewModelType.swift in Sources */ = {isa = PBXBuildFile; fileRef = F57935C72A99F0680075A44D /* TransactionsViewViewModelType.swift */; };
		F57935CC2A9A028A0075A44D /* BottomCornerRoundedView.swift in Sources */ = {isa = PBXBuildFile; fileRef = F57935CB2A9A028A0075A44D /* BottomCornerRoundedView.swift */; };
		F5A40AEF2A87C43200E91AF5 /* Fonts.swift in Sources */ = {isa = PBXBuildFile; fileRef = F5A40AEE2A87C43200E91AF5 /* Fonts.swift */; };
		F5A40AF22A87C5E500E91AF5 /* UIColor.swift in Sources */ = {isa = PBXBuildFile; fileRef = F5A40AF12A87C5E500E91AF5 /* UIColor.swift */; };
		F5C96EC72AF6D83D00F07C87 /* NoteTextView.swift in Sources */ = {isa = PBXBuildFile; fileRef = F5C96EC62AF6D83D00F07C87 /* NoteTextView.swift */; };
		F5C96EC92AF6DD9400F07C87 /* ScrollableView.swift in Sources */ = {isa = PBXBuildFile; fileRef = F5C96EC82AF6DD9400F07C87 /* ScrollableView.swift */; };
		F5CB84F82ADC1BD40078BAA0 /* Localizable.strings in Resources */ = {isa = PBXBuildFile; fileRef = F5CB84FA2ADC1BD40078BAA0 /* Localizable.strings */; };
		F5E241242A8D296E00C7FAC5 /* WalletCellHeaderView.swift in Sources */ = {isa = PBXBuildFile; fileRef = F5E241232A8D296E00C7FAC5 /* WalletCellHeaderView.swift */; };
		F5E241262A8D297400C7FAC5 /* WalletCellHeaderViewViewModel.swift in Sources */ = {isa = PBXBuildFile; fileRef = F5E241252A8D297400C7FAC5 /* WalletCellHeaderViewViewModel.swift */; };
		F5E241282A8D297E00C7FAC5 /* WalletCellHeaderViewViewModelType.swift in Sources */ = {isa = PBXBuildFile; fileRef = F5E241272A8D297E00C7FAC5 /* WalletCellHeaderViewViewModelType.swift */; };
		F5E2412A2A8D383600C7FAC5 /* Wallet.swift in Sources */ = {isa = PBXBuildFile; fileRef = F5E241292A8D383600C7FAC5 /* Wallet.swift */; };
		F5E3B7282AB8788600E2A352 /* Double.swift in Sources */ = {isa = PBXBuildFile; fileRef = F5E3B7272AB8788600E2A352 /* Double.swift */; };
		F5E3B72A2AB87A3700E2A352 /* Transaction.swift in Sources */ = {isa = PBXBuildFile; fileRef = F5E3B7292AB87A3700E2A352 /* Transaction.swift */; };
		F5EFA0D62A8B90E100555859 /* WalletSelectionViewController.swift in Sources */ = {isa = PBXBuildFile; fileRef = F5EFA0D52A8B90E100555859 /* WalletSelectionViewController.swift */; };
		F5EFA0D82A8B914500555859 /* WalletSelectionView.swift in Sources */ = {isa = PBXBuildFile; fileRef = F5EFA0D72A8B914500555859 /* WalletSelectionView.swift */; };
		F5EFA0DA2A8B919500555859 /* WalletSelectionViewViewModel.swift in Sources */ = {isa = PBXBuildFile; fileRef = F5EFA0D92A8B919500555859 /* WalletSelectionViewViewModel.swift */; };
		F5EFA0DD2A8B957900555859 /* WalletSelectionViewViewModelType.swift in Sources */ = {isa = PBXBuildFile; fileRef = F5EFA0DC2A8B957900555859 /* WalletSelectionViewViewModelType.swift */; };
		F5EFA0E12A8B9F0700555859 /* WalletCell.swift in Sources */ = {isa = PBXBuildFile; fileRef = F5EFA0E02A8B9F0700555859 /* WalletCell.swift */; };
		F5EFA0E32A8B9F3800555859 /* WalletCellViewModel.swift in Sources */ = {isa = PBXBuildFile; fileRef = F5EFA0E22A8B9F3800555859 /* WalletCellViewModel.swift */; };
		F5EFA0E52A8B9F4500555859 /* WalletCellViewModelType.swift in Sources */ = {isa = PBXBuildFile; fileRef = F5EFA0E42A8B9F4500555859 /* WalletCellViewModelType.swift */; };
		F5EFA0E62A8BBAF700555859 /* Inter-SemiBold.ttf in Resources */ = {isa = PBXBuildFile; fileRef = F5A40AED2A87C42300E91AF5 /* Inter-SemiBold.ttf */; };
		F5EFA0E72A8BBAF700555859 /* Inter-Bold.ttf in Resources */ = {isa = PBXBuildFile; fileRef = F5A40AEC2A87C42300E91AF5 /* Inter-Bold.ttf */; };
		F5EFA0E82A8BBAF700555859 /* Inter-Regular.ttf in Resources */ = {isa = PBXBuildFile; fileRef = F5A40AEA2A87C42300E91AF5 /* Inter-Regular.ttf */; };
		F5EFA0E92A8BBAF700555859 /* Inter-Medium.ttf in Resources */ = {isa = PBXBuildFile; fileRef = F5A40AEB2A87C42300E91AF5 /* Inter-Medium.ttf */; };
/* End PBXBuildFile section */

/* Begin PBXFileReference section */
		60920C489C6D89E8D587FC33 /* Pods-Coinlee.debug.xcconfig */ = {isa = PBXFileReference; includeInIndex = 1; lastKnownFileType = text.xcconfig; name = "Pods-Coinlee.debug.xcconfig"; path = "Target Support Files/Pods-Coinlee/Pods-Coinlee.debug.xcconfig"; sourceTree = "<group>"; };
		6B8208820C7E5364EF9657A3 /* Pods-Coinlee.release.xcconfig */ = {isa = PBXFileReference; includeInIndex = 1; lastKnownFileType = text.xcconfig; name = "Pods-Coinlee.release.xcconfig"; path = "Target Support Files/Pods-Coinlee/Pods-Coinlee.release.xcconfig"; sourceTree = "<group>"; };
		8E66E0622AECF9A20029B807 /* NewTransactionViewController.swift */ = {isa = PBXFileReference; lastKnownFileType = sourcecode.swift; path = NewTransactionViewController.swift; sourceTree = "<group>"; };
		8E66E0652AECFBE80029B807 /* NewTransactionView.swift */ = {isa = PBXFileReference; lastKnownFileType = sourcecode.swift; path = NewTransactionView.swift; sourceTree = "<group>"; };
		8E66E0692AECFC060029B807 /* NewTransactionViewViewModel.swift */ = {isa = PBXFileReference; lastKnownFileType = sourcecode.swift; path = NewTransactionViewViewModel.swift; sourceTree = "<group>"; };
		8E66E06B2AECFC1C0029B807 /* NewTransactionViewViewModelType.swift */ = {isa = PBXFileReference; lastKnownFileType = sourcecode.swift; path = NewTransactionViewViewModelType.swift; sourceTree = "<group>"; };
		8E66E0C42AEE58850029B807 /* UIView.swift */ = {isa = PBXFileReference; lastKnownFileType = sourcecode.swift; path = UIView.swift; sourceTree = "<group>"; };
		8E66E0C62AF5433F0029B807 /* NewWalletView.swift */ = {isa = PBXFileReference; lastKnownFileType = sourcecode.swift; path = NewWalletView.swift; sourceTree = "<group>"; };
		8E66E0CB2AF5437C0029B807 /* NewWalletViewController.swift */ = {isa = PBXFileReference; lastKnownFileType = sourcecode.swift; path = NewWalletViewController.swift; sourceTree = "<group>"; };
		8E66E0CD2AF543940029B807 /* NewWalletViewViewModel.swift */ = {isa = PBXFileReference; lastKnownFileType = sourcecode.swift; path = NewWalletViewViewModel.swift; sourceTree = "<group>"; };
		8E66E0CF2AF543A50029B807 /* NewWalletViewViewModelType.swift */ = {isa = PBXFileReference; lastKnownFileType = sourcecode.swift; path = NewWalletViewViewModelType.swift; sourceTree = "<group>"; };
		F50A34CA2A9BAC9E00AC3631 /* ConfigurableButton.swift */ = {isa = PBXFileReference; lastKnownFileType = sourcecode.swift; path = ConfigurableButton.swift; sourceTree = "<group>"; };
		F51D1D352A90D467002B3FE7 /* CornerRoundedCell.swift */ = {isa = PBXFileReference; lastKnownFileType = sourcecode.swift; path = CornerRoundedCell.swift; sourceTree = "<group>"; };
		F51E88062A88F6A600FF20CE /* Icon.swift */ = {isa = PBXFileReference; lastKnownFileType = sourcecode.swift; path = Icon.swift; sourceTree = "<group>"; };
		F53160072AA2509E00E5672F /* UIImage.swift */ = {isa = PBXFileReference; lastKnownFileType = sourcecode.swift; path = UIImage.swift; sourceTree = "<group>"; };
		F546A4852AEC07B100459DF5 /* String.swift */ = {isa = PBXFileReference; fileEncoding = 4; lastKnownFileType = sourcecode.swift; path = String.swift; sourceTree = "<group>"; };
		F546A4872AEC07D200459DF5 /* NoResultsView.swift */ = {isa = PBXFileReference; fileEncoding = 4; lastKnownFileType = sourcecode.swift; path = NoResultsView.swift; sourceTree = "<group>"; };
		F546A4882AEC07D200459DF5 /* ContainerView.swift */ = {isa = PBXFileReference; fileEncoding = 4; lastKnownFileType = sourcecode.swift; path = ContainerView.swift; sourceTree = "<group>"; };
		F546A48A2AEC07D200459DF5 /* CustomUITextField.swift */ = {isa = PBXFileReference; fileEncoding = 4; lastKnownFileType = sourcecode.swift; path = CustomUITextField.swift; sourceTree = "<group>"; };
		F546A48B2AEC07D200459DF5 /* ClearTextFieldDelegate.swift */ = {isa = PBXFileReference; fileEncoding = 4; lastKnownFileType = sourcecode.swift; path = ClearTextFieldDelegate.swift; sourceTree = "<group>"; };
		F546A4912AEC07DE00459DF5 /* CurrencyTableViewViewModel.swift */ = {isa = PBXFileReference; fileEncoding = 4; lastKnownFileType = sourcecode.swift; path = CurrencyTableViewViewModel.swift; sourceTree = "<group>"; };
		F546A4922AEC07DE00459DF5 /* CurrencyTableViewViewModelType.swift */ = {isa = PBXFileReference; fileEncoding = 4; lastKnownFileType = sourcecode.swift; path = CurrencyTableViewViewModelType.swift; sourceTree = "<group>"; };
		F546A4932AEC07DE00459DF5 /* CurrencySelectionViewController.swift */ = {isa = PBXFileReference; fileEncoding = 4; lastKnownFileType = sourcecode.swift; path = CurrencySelectionViewController.swift; sourceTree = "<group>"; };
		F546A4942AEC07DE00459DF5 /* CurrencySelectionView.swift */ = {isa = PBXFileReference; fileEncoding = 4; lastKnownFileType = sourcecode.swift; path = CurrencySelectionView.swift; sourceTree = "<group>"; };
		F546A4962AEC07DE00459DF5 /* CurrencyTableViewCellViewModelType.swift */ = {isa = PBXFileReference; fileEncoding = 4; lastKnownFileType = sourcecode.swift; path = CurrencyTableViewCellViewModelType.swift; sourceTree = "<group>"; };
		F546A4972AEC07DE00459DF5 /* CurrencyTableViewCellViewModel.swift */ = {isa = PBXFileReference; fileEncoding = 4; lastKnownFileType = sourcecode.swift; path = CurrencyTableViewCellViewModel.swift; sourceTree = "<group>"; };
		F546A4982AEC07DE00459DF5 /* CurrencyTableViewCell.swift */ = {isa = PBXFileReference; fileEncoding = 4; lastKnownFileType = sourcecode.swift; path = CurrencyTableViewCell.swift; sourceTree = "<group>"; };
		F546A4992AEC07DE00459DF5 /* CurrencyModel.swift */ = {isa = PBXFileReference; fileEncoding = 4; lastKnownFileType = sourcecode.swift; path = CurrencyModel.swift; sourceTree = "<group>"; };
		F55802E52AB329720056336D /* IncomeExpenseStaticCell.swift */ = {isa = PBXFileReference; lastKnownFileType = sourcecode.swift; path = IncomeExpenseStaticCell.swift; sourceTree = "<group>"; };
		F55802E72AB329D40056336D /* IncomeExpenseStaticCellViewModel.swift */ = {isa = PBXFileReference; lastKnownFileType = sourcecode.swift; path = IncomeExpenseStaticCellViewModel.swift; sourceTree = "<group>"; };
		F55802E92AB329DC0056336D /* IncomeExpenseStaticCellViewModelType.swift */ = {isa = PBXFileReference; lastKnownFileType = sourcecode.swift; path = IncomeExpenseStaticCellViewModelType.swift; sourceTree = "<group>"; };
		F55802EC2AB33DB90056336D /* Constants.swift */ = {isa = PBXFileReference; lastKnownFileType = sourcecode.swift; path = Constants.swift; sourceTree = "<group>"; };
		F55802F02AB347EE0056336D /* TransactionCellHeaderView.swift */ = {isa = PBXFileReference; lastKnownFileType = sourcecode.swift; path = TransactionCellHeaderView.swift; sourceTree = "<group>"; };
		F55802F22AB347F70056336D /* TransactionCellHeaderViewViewModel.swift */ = {isa = PBXFileReference; lastKnownFileType = sourcecode.swift; path = TransactionCellHeaderViewViewModel.swift; sourceTree = "<group>"; };
		F55802F42AB347FC0056336D /* TransactionCellHeaderViewViewModelType.swift */ = {isa = PBXFileReference; lastKnownFileType = sourcecode.swift; path = TransactionCellHeaderViewViewModelType.swift; sourceTree = "<group>"; };
		F55802F62AB348080056336D /* TransactionCell.swift */ = {isa = PBXFileReference; lastKnownFileType = sourcecode.swift; path = TransactionCell.swift; sourceTree = "<group>"; };
		F55802F82AB3480F0056336D /* TransactionCellViewModel.swift */ = {isa = PBXFileReference; lastKnownFileType = sourcecode.swift; path = TransactionCellViewModel.swift; sourceTree = "<group>"; };
		F55802FA2AB348140056336D /* TransactionCellViewModelType.swift */ = {isa = PBXFileReference; lastKnownFileType = sourcecode.swift; path = TransactionCellViewModelType.swift; sourceTree = "<group>"; };
		F56410812A87852C00182050 /* AppDelegate.swift */ = {isa = PBXFileReference; lastKnownFileType = sourcecode.swift; path = AppDelegate.swift; sourceTree = "<group>"; };
		F56410832A87852C00182050 /* SceneDelegate.swift */ = {isa = PBXFileReference; lastKnownFileType = sourcecode.swift; path = SceneDelegate.swift; sourceTree = "<group>"; };
		F564108A2A87852D00182050 /* Assets.xcassets */ = {isa = PBXFileReference; lastKnownFileType = folder.assetcatalog; path = Assets.xcassets; sourceTree = "<group>"; };
		F564108D2A87852D00182050 /* Base */ = {isa = PBXFileReference; lastKnownFileType = file.storyboard; name = Base; path = Base.lproj/LaunchScreen.storyboard; sourceTree = "<group>"; };
		F564108F2A87852D00182050 /* Info.plist */ = {isa = PBXFileReference; lastKnownFileType = text.plist.xml; path = Info.plist; sourceTree = "<group>"; };
		F56410962A87894F00182050 /* .gitignore */ = {isa = PBXFileReference; lastKnownFileType = text; path = .gitignore; sourceTree = "<group>"; };
		F56ACEE72AF681EB00F3110B /* Coinlee.app */ = {isa = PBXFileReference; explicitFileType = wrapper.application; includeInIndex = 0; path = Coinlee.app; sourceTree = BUILT_PRODUCTS_DIR; };
		F56ACEE92AF6945600F3110B /* ScrollView.swift */ = {isa = PBXFileReference; lastKnownFileType = sourcecode.swift; path = ScrollView.swift; sourceTree = "<group>"; };
		F57935C12A99F0070075A44D /* TransactionsViewController.swift */ = {isa = PBXFileReference; lastKnownFileType = sourcecode.swift; path = TransactionsViewController.swift; sourceTree = "<group>"; };
		F57935C32A99F0290075A44D /* TransactionsView.swift */ = {isa = PBXFileReference; lastKnownFileType = sourcecode.swift; path = TransactionsView.swift; sourceTree = "<group>"; };
		F57935C52A99F04B0075A44D /* TransactionsViewViewModel.swift */ = {isa = PBXFileReference; lastKnownFileType = sourcecode.swift; path = TransactionsViewViewModel.swift; sourceTree = "<group>"; };
		F57935C72A99F0680075A44D /* TransactionsViewViewModelType.swift */ = {isa = PBXFileReference; lastKnownFileType = sourcecode.swift; path = TransactionsViewViewModelType.swift; sourceTree = "<group>"; };
		F57935CB2A9A028A0075A44D /* BottomCornerRoundedView.swift */ = {isa = PBXFileReference; lastKnownFileType = sourcecode.swift; path = BottomCornerRoundedView.swift; sourceTree = "<group>"; };
		F5A40AEA2A87C42300E91AF5 /* Inter-Regular.ttf */ = {isa = PBXFileReference; lastKnownFileType = file; path = "Inter-Regular.ttf"; sourceTree = "<group>"; };
		F5A40AEB2A87C42300E91AF5 /* Inter-Medium.ttf */ = {isa = PBXFileReference; lastKnownFileType = file; path = "Inter-Medium.ttf"; sourceTree = "<group>"; };
		F5A40AEC2A87C42300E91AF5 /* Inter-Bold.ttf */ = {isa = PBXFileReference; lastKnownFileType = file; path = "Inter-Bold.ttf"; sourceTree = "<group>"; };
		F5A40AED2A87C42300E91AF5 /* Inter-SemiBold.ttf */ = {isa = PBXFileReference; lastKnownFileType = file; path = "Inter-SemiBold.ttf"; sourceTree = "<group>"; };
		F5A40AEE2A87C43200E91AF5 /* Fonts.swift */ = {isa = PBXFileReference; lastKnownFileType = sourcecode.swift; path = Fonts.swift; sourceTree = "<group>"; };
		F5A40AF12A87C5E500E91AF5 /* UIColor.swift */ = {isa = PBXFileReference; lastKnownFileType = sourcecode.swift; path = UIColor.swift; sourceTree = "<group>"; };
		F5C96EC62AF6D83D00F07C87 /* NoteTextView.swift */ = {isa = PBXFileReference; lastKnownFileType = sourcecode.swift; path = NoteTextView.swift; sourceTree = "<group>"; };
		F5C96EC82AF6DD9400F07C87 /* ScrollableView.swift */ = {isa = PBXFileReference; lastKnownFileType = sourcecode.swift; path = ScrollableView.swift; sourceTree = "<group>"; };
		F5CB84F92ADC1BD40078BAA0 /* en */ = {isa = PBXFileReference; lastKnownFileType = text.plist.strings; name = en; path = en.lproj/Localizable.strings; sourceTree = "<group>"; };
		F5CB84FB2ADC1E5B0078BAA0 /* ru */ = {isa = PBXFileReference; lastKnownFileType = text.plist.strings; name = ru; path = ru.lproj/LaunchScreen.strings; sourceTree = "<group>"; };
		F5CB84FC2ADC1E5B0078BAA0 /* ru */ = {isa = PBXFileReference; lastKnownFileType = text.plist.strings; name = ru; path = ru.lproj/Localizable.strings; sourceTree = "<group>"; };
		F5CB84FD2ADC1E6F0078BAA0 /* pl */ = {isa = PBXFileReference; lastKnownFileType = text.plist.strings; name = pl; path = pl.lproj/LaunchScreen.strings; sourceTree = "<group>"; };
		F5CB84FE2ADC1E6F0078BAA0 /* pl */ = {isa = PBXFileReference; lastKnownFileType = text.plist.strings; name = pl; path = pl.lproj/Localizable.strings; sourceTree = "<group>"; };
		F5E241232A8D296E00C7FAC5 /* WalletCellHeaderView.swift */ = {isa = PBXFileReference; lastKnownFileType = sourcecode.swift; path = WalletCellHeaderView.swift; sourceTree = "<group>"; };
		F5E241252A8D297400C7FAC5 /* WalletCellHeaderViewViewModel.swift */ = {isa = PBXFileReference; lastKnownFileType = sourcecode.swift; path = WalletCellHeaderViewViewModel.swift; sourceTree = "<group>"; };
		F5E241272A8D297E00C7FAC5 /* WalletCellHeaderViewViewModelType.swift */ = {isa = PBXFileReference; lastKnownFileType = sourcecode.swift; path = WalletCellHeaderViewViewModelType.swift; sourceTree = "<group>"; };
		F5E241292A8D383600C7FAC5 /* Wallet.swift */ = {isa = PBXFileReference; lastKnownFileType = sourcecode.swift; path = Wallet.swift; sourceTree = "<group>"; };
		F5E3B7272AB8788600E2A352 /* Double.swift */ = {isa = PBXFileReference; lastKnownFileType = sourcecode.swift; path = Double.swift; sourceTree = "<group>"; };
		F5E3B7292AB87A3700E2A352 /* Transaction.swift */ = {isa = PBXFileReference; lastKnownFileType = sourcecode.swift; path = Transaction.swift; sourceTree = "<group>"; };
		F5EFA0D52A8B90E100555859 /* WalletSelectionViewController.swift */ = {isa = PBXFileReference; lastKnownFileType = sourcecode.swift; path = WalletSelectionViewController.swift; sourceTree = "<group>"; };
		F5EFA0D72A8B914500555859 /* WalletSelectionView.swift */ = {isa = PBXFileReference; lastKnownFileType = sourcecode.swift; path = WalletSelectionView.swift; sourceTree = "<group>"; };
		F5EFA0D92A8B919500555859 /* WalletSelectionViewViewModel.swift */ = {isa = PBXFileReference; lastKnownFileType = sourcecode.swift; path = WalletSelectionViewViewModel.swift; sourceTree = "<group>"; };
		F5EFA0DC2A8B957900555859 /* WalletSelectionViewViewModelType.swift */ = {isa = PBXFileReference; lastKnownFileType = sourcecode.swift; path = WalletSelectionViewViewModelType.swift; sourceTree = "<group>"; };
		F5EFA0E02A8B9F0700555859 /* WalletCell.swift */ = {isa = PBXFileReference; lastKnownFileType = sourcecode.swift; path = WalletCell.swift; sourceTree = "<group>"; };
		F5EFA0E22A8B9F3800555859 /* WalletCellViewModel.swift */ = {isa = PBXFileReference; lastKnownFileType = sourcecode.swift; path = WalletCellViewModel.swift; sourceTree = "<group>"; };
		F5EFA0E42A8B9F4500555859 /* WalletCellViewModelType.swift */ = {isa = PBXFileReference; lastKnownFileType = sourcecode.swift; path = WalletCellViewModelType.swift; sourceTree = "<group>"; };
		F9FBAE4CB604D2DB8C511992 /* Pods_Coinlee.framework */ = {isa = PBXFileReference; explicitFileType = wrapper.framework; includeInIndex = 0; path = Pods_Coinlee.framework; sourceTree = BUILT_PRODUCTS_DIR; };
/* End PBXFileReference section */

/* Begin PBXFrameworksBuildPhase section */
		F564107B2A87852C00182050 /* Frameworks */ = {
			isa = PBXFrameworksBuildPhase;
			buildActionMask = 2147483647;
			files = (
				9E40CFCE3ECB357BC621E01F /* Pods_Coinlee.framework in Frameworks */,
			);
			runOnlyForDeploymentPostprocessing = 0;
		};
/* End PBXFrameworksBuildPhase section */

/* Begin PBXGroup section */
		20BDB4AA13453CB1D781EC71 /* Pods */ = {
			isa = PBXGroup;
			children = (
				60920C489C6D89E8D587FC33 /* Pods-Coinlee.debug.xcconfig */,
				6B8208820C7E5364EF9657A3 /* Pods-Coinlee.release.xcconfig */,
			);
			path = Pods;
			sourceTree = "<group>";
		};
		8E66E0642AECF9A70029B807 /* NewTransactionScreen */ = {
			isa = PBXGroup;
			children = (
				8E66E0652AECFBE80029B807 /* NewTransactionView.swift */,
				8E66E0622AECF9A20029B807 /* NewTransactionViewController.swift */,
				8E66E0692AECFC060029B807 /* NewTransactionViewViewModel.swift */,
				8E66E06B2AECFC1C0029B807 /* NewTransactionViewViewModelType.swift */,
			);
			path = NewTransactionScreen;
			sourceTree = "<group>";
		};
		8E66E0C82AF543460029B807 /* NewWalletScreen */ = {
			isa = PBXGroup;
			children = (
				8E66E0C62AF5433F0029B807 /* NewWalletView.swift */,
				8E66E0CB2AF5437C0029B807 /* NewWalletViewController.swift */,
				8E66E0CD2AF543940029B807 /* NewWalletViewViewModel.swift */,
				8E66E0CF2AF543A50029B807 /* NewWalletViewViewModelType.swift */,
			);
			path = NewWalletScreen;
			sourceTree = "<group>";
		};
		EC92B0CCD39A66E42E7C571B /* Frameworks */ = {
			isa = PBXGroup;
			children = (
				F9FBAE4CB604D2DB8C511992 /* Pods_Coinlee.framework */,
			);
			name = Frameworks;
			sourceTree = "<group>";
		};
		F51D1D392A90F407002B3FE7 /* ReusableUIElements */ = {
			isa = PBXGroup;
			children = (
				F57935CB2A9A028A0075A44D /* BottomCornerRoundedView.swift */,
				F50A34CA2A9BAC9E00AC3631 /* ConfigurableButton.swift */,
				F51D1D352A90D467002B3FE7 /* CornerRoundedCell.swift */,
				F546A4882AEC07D200459DF5 /* ContainerView.swift */,
				F546A4872AEC07D200459DF5 /* NoResultsView.swift */,
				F56ACEE92AF6945600F3110B /* ScrollView.swift */,
				F5C96EC62AF6D83D00F07C87 /* NoteTextView.swift */,
				F5C96EC82AF6DD9400F07C87 /* ScrollableView.swift */,
				F546A4892AEC07D200459DF5 /* CustomUITextField */,
			);
			path = ReusableUIElements;
			sourceTree = "<group>";
		};
		F546A4892AEC07D200459DF5 /* CustomUITextField */ = {
			isa = PBXGroup;
			children = (
				F546A48A2AEC07D200459DF5 /* CustomUITextField.swift */,
				F546A48B2AEC07D200459DF5 /* ClearTextFieldDelegate.swift */,
			);
			path = CustomUITextField;
			sourceTree = "<group>";
		};
		F546A4902AEC07DE00459DF5 /* CurrencySelectionScreen */ = {
			isa = PBXGroup;
			children = (
				F546A4992AEC07DE00459DF5 /* CurrencyModel.swift */,
				F546A4942AEC07DE00459DF5 /* CurrencySelectionView.swift */,
				F546A4932AEC07DE00459DF5 /* CurrencySelectionViewController.swift */,
				F546A4912AEC07DE00459DF5 /* CurrencyTableViewViewModel.swift */,
				F546A4922AEC07DE00459DF5 /* CurrencyTableViewViewModelType.swift */,
				F546A4952AEC07DE00459DF5 /* CurrencyTableViewCell */,
			);
			path = CurrencySelectionScreen;
			sourceTree = "<group>";
		};
		F546A4952AEC07DE00459DF5 /* CurrencyTableViewCell */ = {
			isa = PBXGroup;
			children = (
				F546A4982AEC07DE00459DF5 /* CurrencyTableViewCell.swift */,
				F546A4972AEC07DE00459DF5 /* CurrencyTableViewCellViewModel.swift */,
				F546A4962AEC07DE00459DF5 /* CurrencyTableViewCellViewModelType.swift */,
			);
			path = CurrencyTableViewCell;
			sourceTree = "<group>";
		};
		F55802E42AB328A40056336D /* Income&ExpenseCell */ = {
			isa = PBXGroup;
			children = (
				F55802E52AB329720056336D /* IncomeExpenseStaticCell.swift */,
				F55802E72AB329D40056336D /* IncomeExpenseStaticCellViewModel.swift */,
				F55802E92AB329DC0056336D /* IncomeExpenseStaticCellViewModelType.swift */,
			);
			path = "Income&ExpenseCell";
			sourceTree = "<group>";
		};
		F55802EE2AB347860056336D /* TransactionCell */ = {
			isa = PBXGroup;
			children = (
				F55802F62AB348080056336D /* TransactionCell.swift */,
				F55802F82AB3480F0056336D /* TransactionCellViewModel.swift */,
				F55802FA2AB348140056336D /* TransactionCellViewModelType.swift */,
			);
			path = TransactionCell;
			sourceTree = "<group>";
		};
		F55802EF2AB347AB0056336D /* TransactionCellHeader */ = {
			isa = PBXGroup;
			children = (
				F55802F02AB347EE0056336D /* TransactionCellHeaderView.swift */,
				F55802F22AB347F70056336D /* TransactionCellHeaderViewViewModel.swift */,
				F55802F42AB347FC0056336D /* TransactionCellHeaderViewViewModelType.swift */,
			);
			path = TransactionCellHeader;
			sourceTree = "<group>";
		};
		F56410752A87852C00182050 = {
			isa = PBXGroup;
			children = (
				F56410962A87894F00182050 /* .gitignore */,
				F56410802A87852C00182050 /* Coinlee */,
				20BDB4AA13453CB1D781EC71 /* Pods */,
				EC92B0CCD39A66E42E7C571B /* Frameworks */,
				F56ACEE72AF681EB00F3110B /* Coinlee.app */,
			);
			sourceTree = "<group>";
		};
		F56410802A87852C00182050 /* Coinlee */ = {
			isa = PBXGroup;
			children = (
				F56410812A87852C00182050 /* AppDelegate.swift */,
				F56410832A87852C00182050 /* SceneDelegate.swift */,
				8E66E0C82AF543460029B807 /* NewWalletScreen */,
				8E66E0642AECF9A70029B807 /* NewTransactionScreen */,
				F546A4902AEC07DE00459DF5 /* CurrencySelectionScreen */,
				F57935C02A99EFD30075A44D /* TransactionsScreen */,
				F5EFA0D22A8B8C0400555859 /* WalletSelectionScreen */,
				F51D1D392A90F407002B3FE7 /* ReusableUIElements */,
				F5A40AF02A87C5C000E91AF5 /* Extensions */,
				F5A40AE62A87C36200E91AF5 /* Supporting Files */,
				F5A40AE72A87C3CE00E91AF5 /* Resources */,
			);
			path = Coinlee;
			sourceTree = "<group>";
		};
		F57935C02A99EFD30075A44D /* TransactionsScreen */ = {
			isa = PBXGroup;
			children = (
				F5E3B7292AB87A3700E2A352 /* Transaction.swift */,
				F57935C32A99F0290075A44D /* TransactionsView.swift */,
				F57935C12A99F0070075A44D /* TransactionsViewController.swift */,
				F57935C52A99F04B0075A44D /* TransactionsViewViewModel.swift */,
				F57935C72A99F0680075A44D /* TransactionsViewViewModelType.swift */,
				F55802E42AB328A40056336D /* Income&ExpenseCell */,
				F55802EF2AB347AB0056336D /* TransactionCellHeader */,
				F55802EE2AB347860056336D /* TransactionCell */,
			);
			path = TransactionsScreen;
			sourceTree = "<group>";
		};
		F5A40AE62A87C36200E91AF5 /* Supporting Files */ = {
			isa = PBXGroup;
			children = (
				F55802EC2AB33DB90056336D /* Constants.swift */,
				F5CB84FA2ADC1BD40078BAA0 /* Localizable.strings */,
				F564108C2A87852D00182050 /* LaunchScreen.storyboard */,
				F564108F2A87852D00182050 /* Info.plist */,
			);
			path = "Supporting Files";
			sourceTree = "<group>";
		};
		F5A40AE72A87C3CE00E91AF5 /* Resources */ = {
			isa = PBXGroup;
			children = (
				F5A40AE82A87C3E100E91AF5 /* Fonts */,
				F51E88062A88F6A600FF20CE /* Icon.swift */,
				F564108A2A87852D00182050 /* Assets.xcassets */,
			);
			path = Resources;
			sourceTree = "<group>";
		};
		F5A40AE82A87C3E100E91AF5 /* Fonts */ = {
			isa = PBXGroup;
			children = (
				F5A40AEE2A87C43200E91AF5 /* Fonts.swift */,
				F5A40AE92A87C3F500E91AF5 /* Inter */,
			);
			path = Fonts;
			sourceTree = "<group>";
		};
		F5A40AE92A87C3F500E91AF5 /* Inter */ = {
			isa = PBXGroup;
			children = (
				F5A40AEA2A87C42300E91AF5 /* Inter-Regular.ttf */,
				F5A40AEB2A87C42300E91AF5 /* Inter-Medium.ttf */,
				F5A40AED2A87C42300E91AF5 /* Inter-SemiBold.ttf */,
				F5A40AEC2A87C42300E91AF5 /* Inter-Bold.ttf */,
			);
			path = Inter;
			sourceTree = "<group>";
		};
		F5A40AF02A87C5C000E91AF5 /* Extensions */ = {
			isa = PBXGroup;
			children = (
				F546A4852AEC07B100459DF5 /* String.swift */,
				F5A40AF12A87C5E500E91AF5 /* UIColor.swift */,
				F53160072AA2509E00E5672F /* UIImage.swift */,
				F5E3B7272AB8788600E2A352 /* Double.swift */,
				8E66E0C42AEE58850029B807 /* UIView.swift */,
			);
			path = Extensions;
			sourceTree = "<group>";
		};
		F5E241222A8D294F00C7FAC5 /* WalletCellHeader */ = {
			isa = PBXGroup;
			children = (
				F5E241232A8D296E00C7FAC5 /* WalletCellHeaderView.swift */,
				F5E241252A8D297400C7FAC5 /* WalletCellHeaderViewViewModel.swift */,
				F5E241272A8D297E00C7FAC5 /* WalletCellHeaderViewViewModelType.swift */,
			);
			path = WalletCellHeader;
			sourceTree = "<group>";
		};
		F5EFA0D22A8B8C0400555859 /* WalletSelectionScreen */ = {
			isa = PBXGroup;
			children = (
				F5E241292A8D383600C7FAC5 /* Wallet.swift */,
				F5EFA0D72A8B914500555859 /* WalletSelectionView.swift */,
				F5EFA0D52A8B90E100555859 /* WalletSelectionViewController.swift */,
				F5EFA0D92A8B919500555859 /* WalletSelectionViewViewModel.swift */,
				F5EFA0DC2A8B957900555859 /* WalletSelectionViewViewModelType.swift */,
				F5E241222A8D294F00C7FAC5 /* WalletCellHeader */,
				F5EFA0DE2A8B9EDC00555859 /* WalletCell */,
			);
			path = WalletSelectionScreen;
			sourceTree = "<group>";
		};
		F5EFA0DE2A8B9EDC00555859 /* WalletCell */ = {
			isa = PBXGroup;
			children = (
				F5EFA0E02A8B9F0700555859 /* WalletCell.swift */,
				F5EFA0E22A8B9F3800555859 /* WalletCellViewModel.swift */,
				F5EFA0E42A8B9F4500555859 /* WalletCellViewModelType.swift */,
			);
			path = WalletCell;
			sourceTree = "<group>";
		};
/* End PBXGroup section */

/* Begin PBXNativeTarget section */
		F564107D2A87852C00182050 /* Coinlee */ = {
			isa = PBXNativeTarget;
			buildConfigurationList = F56410922A87852D00182050 /* Build configuration list for PBXNativeTarget "Coinlee" */;
			buildPhases = (
				EF34A12D0CB11CDF75F4F62A /* [CP] Check Pods Manifest.lock */,
				F564107A2A87852C00182050 /* Sources */,
				F564107B2A87852C00182050 /* Frameworks */,
				F564107C2A87852C00182050 /* Resources */,
				319AAD53574755CADB0BDC30 /* [CP] Embed Pods Frameworks */,
			);
			buildRules = (
			);
			dependencies = (
			);
			name = Coinlee;
			productName = Coinlee;
			productReference = F56ACEE72AF681EB00F3110B /* Coinlee.app */;
			productType = "com.apple.product-type.application";
		};
/* End PBXNativeTarget section */

/* Begin PBXProject section */
		F56410762A87852C00182050 /* Project object */ = {
			isa = PBXProject;
			attributes = {
				BuildIndependentTargetsInParallel = 1;
				LastSwiftUpdateCheck = 1430;
				LastUpgradeCheck = 1500;
				TargetAttributes = {
					F564107D2A87852C00182050 = {
						CreatedOnToolsVersion = 14.3.1;
					};
				};
			};
			buildConfigurationList = F56410792A87852C00182050 /* Build configuration list for PBXProject "Coinlee" */;
			compatibilityVersion = "Xcode 14.0";
			developmentRegion = en;
			hasScannedForEncodings = 0;
			knownRegions = (
				en,
				Base,
				ru,
				pl,
			);
			mainGroup = F56410752A87852C00182050;
			productRefGroup = F56410752A87852C00182050;
			projectDirPath = "";
			projectRoot = "";
			targets = (
				F564107D2A87852C00182050 /* Coinlee */,
			);
		};
/* End PBXProject section */

/* Begin PBXResourcesBuildPhase section */
		F564107C2A87852C00182050 /* Resources */ = {
			isa = PBXResourcesBuildPhase;
			buildActionMask = 2147483647;
			files = (
				F5EFA0E62A8BBAF700555859 /* Inter-SemiBold.ttf in Resources */,
				F5EFA0E72A8BBAF700555859 /* Inter-Bold.ttf in Resources */,
				F564108E2A87852D00182050 /* LaunchScreen.storyboard in Resources */,
				F56410972A87894F00182050 /* .gitignore in Resources */,
				F5EFA0E92A8BBAF700555859 /* Inter-Medium.ttf in Resources */,
				F5CB84F82ADC1BD40078BAA0 /* Localizable.strings in Resources */,
				F5EFA0E82A8BBAF700555859 /* Inter-Regular.ttf in Resources */,
				F564108B2A87852D00182050 /* Assets.xcassets in Resources */,
			);
			runOnlyForDeploymentPostprocessing = 0;
		};
/* End PBXResourcesBuildPhase section */

/* Begin PBXShellScriptBuildPhase section */
		319AAD53574755CADB0BDC30 /* [CP] Embed Pods Frameworks */ = {
			isa = PBXShellScriptBuildPhase;
			buildActionMask = 2147483647;
			files = (
			);
			inputFileListPaths = (
				"${PODS_ROOT}/Target Support Files/Pods-Coinlee/Pods-Coinlee-frameworks-${CONFIGURATION}-input-files.xcfilelist",
			);
			name = "[CP] Embed Pods Frameworks";
			outputFileListPaths = (
				"${PODS_ROOT}/Target Support Files/Pods-Coinlee/Pods-Coinlee-frameworks-${CONFIGURATION}-output-files.xcfilelist",
			);
			runOnlyForDeploymentPostprocessing = 0;
			shellPath = /bin/sh;
			shellScript = "\"${PODS_ROOT}/Target Support Files/Pods-Coinlee/Pods-Coinlee-frameworks.sh\"\n";
			showEnvVarsInLog = 0;
		};
		EF34A12D0CB11CDF75F4F62A /* [CP] Check Pods Manifest.lock */ = {
			isa = PBXShellScriptBuildPhase;
			buildActionMask = 2147483647;
			files = (
			);
			inputFileListPaths = (
			);
			inputPaths = (
				"${PODS_PODFILE_DIR_PATH}/Podfile.lock",
				"${PODS_ROOT}/Manifest.lock",
			);
			name = "[CP] Check Pods Manifest.lock";
			outputFileListPaths = (
			);
			outputPaths = (
				"$(DERIVED_FILE_DIR)/Pods-Coinlee-checkManifestLockResult.txt",
			);
			runOnlyForDeploymentPostprocessing = 0;
			shellPath = /bin/sh;
			shellScript = "diff \"${PODS_PODFILE_DIR_PATH}/Podfile.lock\" \"${PODS_ROOT}/Manifest.lock\" > /dev/null\nif [ $? != 0 ] ; then\n    # print error to STDERR\n    echo \"error: The sandbox is not in sync with the Podfile.lock. Run 'pod install' or update your CocoaPods installation.\" >&2\n    exit 1\nfi\n# This output is used by Xcode 'outputs' to avoid re-running this script phase.\necho \"SUCCESS\" > \"${SCRIPT_OUTPUT_FILE_0}\"\n";
			showEnvVarsInLog = 0;
		};
/* End PBXShellScriptBuildPhase section */

/* Begin PBXSourcesBuildPhase section */
		F564107A2A87852C00182050 /* Sources */ = {
			isa = PBXSourcesBuildPhase;
			buildActionMask = 2147483647;
			files = (
				F55802ED2AB33DB90056336D /* Constants.swift in Sources */,
				F5E2412A2A8D383600C7FAC5 /* Wallet.swift in Sources */,
				F50A34CB2A9BAC9E00AC3631 /* ConfigurableButton.swift in Sources */,
				F51D1D362A90D467002B3FE7 /* CornerRoundedCell.swift in Sources */,
				8E66E0C72AF5433F0029B807 /* NewWalletView.swift in Sources */,
				F546A4A02AEC07DE00459DF5 /* CurrencyTableViewCell.swift in Sources */,
				F546A48C2AEC07D300459DF5 /* NoResultsView.swift in Sources */,
				F5C96EC72AF6D83D00F07C87 /* NoteTextView.swift in Sources */,
				F546A49F2AEC07DE00459DF5 /* CurrencyTableViewCellViewModel.swift in Sources */,
				F5EFA0E32A8B9F3800555859 /* WalletCellViewModel.swift in Sources */,
				F5E241262A8D297400C7FAC5 /* WalletCellHeaderViewViewModel.swift in Sources */,
				F55802F32AB347F70056336D /* TransactionCellHeaderViewViewModel.swift in Sources */,
				8E66E06A2AECFC060029B807 /* NewTransactionViewViewModel.swift in Sources */,
				F546A48D2AEC07D300459DF5 /* ContainerView.swift in Sources */,
				8E66E0632AECF9A20029B807 /* NewTransactionViewController.swift in Sources */,
				F5E3B72A2AB87A3700E2A352 /* Transaction.swift in Sources */,
				F55802E62AB329720056336D /* IncomeExpenseStaticCell.swift in Sources */,
				F55802E82AB329D40056336D /* IncomeExpenseStaticCellViewModel.swift in Sources */,
				F5C96EC92AF6DD9400F07C87 /* ScrollableView.swift in Sources */,
				F5A40AEF2A87C43200E91AF5 /* Fonts.swift in Sources */,
				F55802FB2AB348140056336D /* TransactionCellViewModelType.swift in Sources */,
				8E66E0D02AF543A50029B807 /* NewWalletViewViewModelType.swift in Sources */,
				F57935C42A99F0290075A44D /* TransactionsView.swift in Sources */,
				F51E88072A88F6A600FF20CE /* Icon.swift in Sources */,
				F55802EA2AB329DC0056336D /* IncomeExpenseStaticCellViewModelType.swift in Sources */,
				F57935CC2A9A028A0075A44D /* BottomCornerRoundedView.swift in Sources */,
				F546A48F2AEC07D300459DF5 /* ClearTextFieldDelegate.swift in Sources */,
				F57935C22A99F0070075A44D /* TransactionsViewController.swift in Sources */,
				F546A49C2AEC07DE00459DF5 /* CurrencySelectionViewController.swift in Sources */,
				F53160082AA2509E00E5672F /* UIImage.swift in Sources */,
				F57935C82A99F0680075A44D /* TransactionsViewViewModelType.swift in Sources */,
				F5E241242A8D296E00C7FAC5 /* WalletCellHeaderView.swift in Sources */,
				F5EFA0E52A8B9F4500555859 /* WalletCellViewModelType.swift in Sources */,
				F5EFA0E12A8B9F0700555859 /* WalletCell.swift in Sources */,
				8E66E06C2AECFC1C0029B807 /* NewTransactionViewViewModelType.swift in Sources */,
				F56410822A87852C00182050 /* AppDelegate.swift in Sources */,
				8E66E0662AECFBE80029B807 /* NewTransactionView.swift in Sources */,
				F5EFA0D62A8B90E100555859 /* WalletSelectionViewController.swift in Sources */,
				8E66E0CE2AF543940029B807 /* NewWalletViewViewModel.swift in Sources */,
				8E66E0CC2AF5437C0029B807 /* NewWalletViewController.swift in Sources */,
				F55802F72AB348080056336D /* TransactionCell.swift in Sources */,
				8E66E0C52AEE58850029B807 /* UIView.swift in Sources */,
				F57935C62A99F04B0075A44D /* TransactionsViewViewModel.swift in Sources */,
				F546A48E2AEC07D300459DF5 /* CustomUITextField.swift in Sources */,
				F546A49D2AEC07DE00459DF5 /* CurrencySelectionView.swift in Sources */,
				F546A49B2AEC07DE00459DF5 /* CurrencyTableViewViewModelType.swift in Sources */,
				F546A4A12AEC07DE00459DF5 /* CurrencyModel.swift in Sources */,
				F5E241282A8D297E00C7FAC5 /* WalletCellHeaderViewViewModelType.swift in Sources */,
				F546A4862AEC07B100459DF5 /* String.swift in Sources */,
				F546A49A2AEC07DE00459DF5 /* CurrencyTableViewViewModel.swift in Sources */,
				F5EFA0DD2A8B957900555859 /* WalletSelectionViewViewModelType.swift in Sources */,
				F5A40AF22A87C5E500E91AF5 /* UIColor.swift in Sources */,
				F55802F12AB347EE0056336D /* TransactionCellHeaderView.swift in Sources */,
				F5EFA0D82A8B914500555859 /* WalletSelectionView.swift in Sources */,
				F56410842A87852C00182050 /* SceneDelegate.swift in Sources */,
				F546A49E2AEC07DE00459DF5 /* CurrencyTableViewCellViewModelType.swift in Sources */,
				F56ACEEA2AF6945600F3110B /* ScrollView.swift in Sources */,
				F55802F92AB3480F0056336D /* TransactionCellViewModel.swift in Sources */,
				F5EFA0DA2A8B919500555859 /* WalletSelectionViewViewModel.swift in Sources */,
				F5E3B7282AB8788600E2A352 /* Double.swift in Sources */,
				F55802F52AB347FC0056336D /* TransactionCellHeaderViewViewModelType.swift in Sources */,
			);
			runOnlyForDeploymentPostprocessing = 0;
		};
/* End PBXSourcesBuildPhase section */

/* Begin PBXVariantGroup section */
		F564108C2A87852D00182050 /* LaunchScreen.storyboard */ = {
			isa = PBXVariantGroup;
			children = (
				F564108D2A87852D00182050 /* Base */,
				F5CB84FB2ADC1E5B0078BAA0 /* ru */,
				F5CB84FD2ADC1E6F0078BAA0 /* pl */,
			);
			name = LaunchScreen.storyboard;
			sourceTree = "<group>";
		};
		F5CB84FA2ADC1BD40078BAA0 /* Localizable.strings */ = {
			isa = PBXVariantGroup;
			children = (
				F5CB84F92ADC1BD40078BAA0 /* en */,
				F5CB84FC2ADC1E5B0078BAA0 /* ru */,
				F5CB84FE2ADC1E6F0078BAA0 /* pl */,
			);
			name = Localizable.strings;
			sourceTree = "<group>";
		};
/* End PBXVariantGroup section */

/* Begin XCBuildConfiguration section */
		F56410902A87852D00182050 /* Debug */ = {
			isa = XCBuildConfiguration;
			buildSettings = {
				ALWAYS_SEARCH_USER_PATHS = NO;
				ASSETCATALOG_COMPILER_GENERATE_SWIFT_ASSET_SYMBOL_EXTENSIONS = YES;
				CLANG_ANALYZER_LOCALIZABILITY_NONLOCALIZED = YES;
				CLANG_ANALYZER_NONNULL = YES;
				CLANG_ANALYZER_NUMBER_OBJECT_CONVERSION = YES_AGGRESSIVE;
				CLANG_CXX_LANGUAGE_STANDARD = "gnu++20";
				CLANG_ENABLE_MODULES = YES;
				CLANG_ENABLE_OBJC_ARC = YES;
				CLANG_ENABLE_OBJC_WEAK = YES;
				CLANG_WARN_BLOCK_CAPTURE_AUTORELEASING = YES;
				CLANG_WARN_BOOL_CONVERSION = YES;
				CLANG_WARN_COMMA = YES;
				CLANG_WARN_CONSTANT_CONVERSION = YES;
				CLANG_WARN_DEPRECATED_OBJC_IMPLEMENTATIONS = YES;
				CLANG_WARN_DIRECT_OBJC_ISA_USAGE = YES_ERROR;
				CLANG_WARN_DOCUMENTATION_COMMENTS = YES;
				CLANG_WARN_EMPTY_BODY = YES;
				CLANG_WARN_ENUM_CONVERSION = YES;
				CLANG_WARN_INFINITE_RECURSION = YES;
				CLANG_WARN_INT_CONVERSION = YES;
				CLANG_WARN_NON_LITERAL_NULL_CONVERSION = YES;
				CLANG_WARN_OBJC_IMPLICIT_RETAIN_SELF = YES;
				CLANG_WARN_OBJC_LITERAL_CONVERSION = YES;
				CLANG_WARN_OBJC_ROOT_CLASS = YES_ERROR;
				CLANG_WARN_QUOTED_INCLUDE_IN_FRAMEWORK_HEADER = YES;
				CLANG_WARN_RANGE_LOOP_ANALYSIS = YES;
				CLANG_WARN_STRICT_PROTOTYPES = YES;
				CLANG_WARN_SUSPICIOUS_MOVE = YES;
				CLANG_WARN_UNGUARDED_AVAILABILITY = YES_AGGRESSIVE;
				CLANG_WARN_UNREACHABLE_CODE = YES;
				CLANG_WARN__DUPLICATE_METHOD_MATCH = YES;
				COPY_PHASE_STRIP = NO;
				DEBUG_INFORMATION_FORMAT = dwarf;
				ENABLE_STRICT_OBJC_MSGSEND = YES;
				ENABLE_TESTABILITY = YES;
				ENABLE_USER_SCRIPT_SANDBOXING = NO;
				GCC_C_LANGUAGE_STANDARD = gnu11;
				GCC_DYNAMIC_NO_PIC = NO;
				GCC_NO_COMMON_BLOCKS = YES;
				GCC_OPTIMIZATION_LEVEL = 0;
				GCC_PREPROCESSOR_DEFINITIONS = (
					"DEBUG=1",
					"$(inherited)",
				);
				GCC_WARN_64_TO_32_BIT_CONVERSION = YES;
				GCC_WARN_ABOUT_RETURN_TYPE = YES_ERROR;
				GCC_WARN_UNDECLARED_SELECTOR = YES;
				GCC_WARN_UNINITIALIZED_AUTOS = YES_AGGRESSIVE;
				GCC_WARN_UNUSED_FUNCTION = YES;
				GCC_WARN_UNUSED_VARIABLE = YES;
				IPHONEOS_DEPLOYMENT_TARGET = 15.0;
				MTL_ENABLE_DEBUG_INFO = INCLUDE_SOURCE;
				MTL_FAST_MATH = YES;
				ONLY_ACTIVE_ARCH = YES;
				SDKROOT = iphoneos;
				SWIFT_ACTIVE_COMPILATION_CONDITIONS = DEBUG;
				SWIFT_OPTIMIZATION_LEVEL = "-Onone";
			};
			name = Debug;
		};
		F56410912A87852D00182050 /* Release */ = {
			isa = XCBuildConfiguration;
			buildSettings = {
				ALWAYS_SEARCH_USER_PATHS = NO;
				ASSETCATALOG_COMPILER_GENERATE_SWIFT_ASSET_SYMBOL_EXTENSIONS = YES;
				CLANG_ANALYZER_LOCALIZABILITY_NONLOCALIZED = YES;
				CLANG_ANALYZER_NONNULL = YES;
				CLANG_ANALYZER_NUMBER_OBJECT_CONVERSION = YES_AGGRESSIVE;
				CLANG_CXX_LANGUAGE_STANDARD = "gnu++20";
				CLANG_ENABLE_MODULES = YES;
				CLANG_ENABLE_OBJC_ARC = YES;
				CLANG_ENABLE_OBJC_WEAK = YES;
				CLANG_WARN_BLOCK_CAPTURE_AUTORELEASING = YES;
				CLANG_WARN_BOOL_CONVERSION = YES;
				CLANG_WARN_COMMA = YES;
				CLANG_WARN_CONSTANT_CONVERSION = YES;
				CLANG_WARN_DEPRECATED_OBJC_IMPLEMENTATIONS = YES;
				CLANG_WARN_DIRECT_OBJC_ISA_USAGE = YES_ERROR;
				CLANG_WARN_DOCUMENTATION_COMMENTS = YES;
				CLANG_WARN_EMPTY_BODY = YES;
				CLANG_WARN_ENUM_CONVERSION = YES;
				CLANG_WARN_INFINITE_RECURSION = YES;
				CLANG_WARN_INT_CONVERSION = YES;
				CLANG_WARN_NON_LITERAL_NULL_CONVERSION = YES;
				CLANG_WARN_OBJC_IMPLICIT_RETAIN_SELF = YES;
				CLANG_WARN_OBJC_LITERAL_CONVERSION = YES;
				CLANG_WARN_OBJC_ROOT_CLASS = YES_ERROR;
				CLANG_WARN_QUOTED_INCLUDE_IN_FRAMEWORK_HEADER = YES;
				CLANG_WARN_RANGE_LOOP_ANALYSIS = YES;
				CLANG_WARN_STRICT_PROTOTYPES = YES;
				CLANG_WARN_SUSPICIOUS_MOVE = YES;
				CLANG_WARN_UNGUARDED_AVAILABILITY = YES_AGGRESSIVE;
				CLANG_WARN_UNREACHABLE_CODE = YES;
				CLANG_WARN__DUPLICATE_METHOD_MATCH = YES;
				COPY_PHASE_STRIP = NO;
				DEBUG_INFORMATION_FORMAT = "dwarf-with-dsym";
				ENABLE_NS_ASSERTIONS = NO;
				ENABLE_STRICT_OBJC_MSGSEND = YES;
				ENABLE_USER_SCRIPT_SANDBOXING = NO;
				GCC_C_LANGUAGE_STANDARD = gnu11;
				GCC_NO_COMMON_BLOCKS = YES;
				GCC_WARN_64_TO_32_BIT_CONVERSION = YES;
				GCC_WARN_ABOUT_RETURN_TYPE = YES_ERROR;
				GCC_WARN_UNDECLARED_SELECTOR = YES;
				GCC_WARN_UNINITIALIZED_AUTOS = YES_AGGRESSIVE;
				GCC_WARN_UNUSED_FUNCTION = YES;
				GCC_WARN_UNUSED_VARIABLE = YES;
				IPHONEOS_DEPLOYMENT_TARGET = 15.0;
				MTL_ENABLE_DEBUG_INFO = NO;
				MTL_FAST_MATH = YES;
				SDKROOT = iphoneos;
				SWIFT_COMPILATION_MODE = wholemodule;
				SWIFT_OPTIMIZATION_LEVEL = "-O";
				VALIDATE_PRODUCT = YES;
			};
			name = Release;
		};
		F56410932A87852D00182050 /* Debug */ = {
			isa = XCBuildConfiguration;
			baseConfigurationReference = 60920C489C6D89E8D587FC33 /* Pods-Coinlee.debug.xcconfig */;
			buildSettings = {
				ASSETCATALOG_COMPILER_APPICON_NAME = AppIcon;
				ASSETCATALOG_COMPILER_GLOBAL_ACCENT_COLOR_NAME = AccentColor;
				CODE_SIGN_STYLE = Automatic;
				CURRENT_PROJECT_VERSION = 1;
				DEVELOPMENT_TEAM = VQ3NGD79KV;
				GENERATE_INFOPLIST_FILE = YES;
				INFOPLIST_FILE = "Coinlee/Supporting Files/Info.plist";
				INFOPLIST_KEY_CFBundleDisplayName = Coinlee;
				INFOPLIST_KEY_LSApplicationCategoryType = "public.app-category.finance";
				INFOPLIST_KEY_UIApplicationSupportsIndirectInputEvents = YES;
				INFOPLIST_KEY_UILaunchStoryboardName = LaunchScreen;
				INFOPLIST_KEY_UISupportedInterfaceOrientations = UIInterfaceOrientationPortrait;
				INFOPLIST_KEY_UISupportedInterfaceOrientations_iPad = "UIInterfaceOrientationLandscapeLeft UIInterfaceOrientationLandscapeRight UIInterfaceOrientationPortrait UIInterfaceOrientationPortraitUpsideDown";
				IPHONEOS_DEPLOYMENT_TARGET = 15.0;
				LD_RUNPATH_SEARCH_PATHS = (
					"$(inherited)",
					"@executable_path/Frameworks",
				);
				MARKETING_VERSION = 1.0;
				PRODUCT_BUNDLE_IDENTIFIER = com.coinleeteam.Coinlee;
				PRODUCT_NAME = "$(TARGET_NAME)";
				SUPPORTED_PLATFORMS = "iphoneos iphonesimulator";
				SUPPORTS_MACCATALYST = NO;
				SUPPORTS_MAC_DESIGNED_FOR_IPHONE_IPAD = YES;
				SWIFT_EMIT_LOC_STRINGS = YES;
				SWIFT_VERSION = 5.0;
				TARGETED_DEVICE_FAMILY = 1;
			};
			name = Debug;
		};
		F56410942A87852D00182050 /* Release */ = {
			isa = XCBuildConfiguration;
			baseConfigurationReference = 6B8208820C7E5364EF9657A3 /* Pods-Coinlee.release.xcconfig */;
			buildSettings = {
				ASSETCATALOG_COMPILER_APPICON_NAME = AppIcon;
				ASSETCATALOG_COMPILER_GLOBAL_ACCENT_COLOR_NAME = AccentColor;
				CODE_SIGN_STYLE = Automatic;
				CURRENT_PROJECT_VERSION = 1;
				DEVELOPMENT_TEAM = VQ3NGD79KV;
				GENERATE_INFOPLIST_FILE = YES;
				INFOPLIST_FILE = "Coinlee/Supporting Files/Info.plist";
				INFOPLIST_KEY_CFBundleDisplayName = Coinlee;
				INFOPLIST_KEY_LSApplicationCategoryType = "public.app-category.finance";
				INFOPLIST_KEY_UIApplicationSupportsIndirectInputEvents = YES;
				INFOPLIST_KEY_UILaunchStoryboardName = LaunchScreen;
				INFOPLIST_KEY_UISupportedInterfaceOrientations = UIInterfaceOrientationPortrait;
				INFOPLIST_KEY_UISupportedInterfaceOrientations_iPad = "UIInterfaceOrientationLandscapeLeft UIInterfaceOrientationLandscapeRight UIInterfaceOrientationPortrait UIInterfaceOrientationPortraitUpsideDown";
				IPHONEOS_DEPLOYMENT_TARGET = 15.0;
				LD_RUNPATH_SEARCH_PATHS = (
					"$(inherited)",
					"@executable_path/Frameworks",
				);
				MARKETING_VERSION = 1.0;
				PRODUCT_BUNDLE_IDENTIFIER = com.coinleeteam.Coinlee;
				PRODUCT_NAME = "$(TARGET_NAME)";
				SUPPORTED_PLATFORMS = "iphoneos iphonesimulator";
				SUPPORTS_MACCATALYST = NO;
				SUPPORTS_MAC_DESIGNED_FOR_IPHONE_IPAD = YES;
				SWIFT_EMIT_LOC_STRINGS = YES;
				SWIFT_VERSION = 5.0;
				TARGETED_DEVICE_FAMILY = 1;
			};
			name = Release;
		};
/* End XCBuildConfiguration section */

/* Begin XCConfigurationList section */
		F56410792A87852C00182050 /* Build configuration list for PBXProject "Coinlee" */ = {
			isa = XCConfigurationList;
			buildConfigurations = (
				F56410902A87852D00182050 /* Debug */,
				F56410912A87852D00182050 /* Release */,
			);
			defaultConfigurationIsVisible = 0;
			defaultConfigurationName = Release;
		};
		F56410922A87852D00182050 /* Build configuration list for PBXNativeTarget "Coinlee" */ = {
			isa = XCConfigurationList;
			buildConfigurations = (
				F56410932A87852D00182050 /* Debug */,
				F56410942A87852D00182050 /* Release */,
			);
			defaultConfigurationIsVisible = 0;
			defaultConfigurationName = Release;
		};
/* End XCConfigurationList section */
	};
	rootObject = F56410762A87852C00182050 /* Project object */;
}
